// !$*UTF8*$!
{
	archiveVersion = 1;
	classes = {
	};
	objectVersion = 50;
	objects = {

/* Begin PBXBuildFile section */
		0AD07E73C3251E435A6F5308 /* Pods_iOS_Lucky.framework in Frameworks */ = {isa = PBXBuildFile; fileRef = 10C3A48928B9DE142AD7EC76 /* Pods_iOS_Lucky.framework */; };
		102017C124F973FF00E4F7BB /* AppDelegate.swift in Sources */ = {isa = PBXBuildFile; fileRef = 102017C024F973FF00E4F7BB /* AppDelegate.swift */; };
		102017C324F973FF00E4F7BB /* SceneDelegate.swift in Sources */ = {isa = PBXBuildFile; fileRef = 102017C224F973FF00E4F7BB /* SceneDelegate.swift */; };
		102017C524F973FF00E4F7BB /* ViewController.swift in Sources */ = {isa = PBXBuildFile; fileRef = 102017C424F973FF00E4F7BB /* ViewController.swift */; };
		102017CA24F9740100E4F7BB /* Assets.xcassets in Resources */ = {isa = PBXBuildFile; fileRef = 102017C924F9740100E4F7BB /* Assets.xcassets */; };
		102017CD24F9740100E4F7BB /* LaunchScreen.storyboard in Resources */ = {isa = PBXBuildFile; fileRef = 102017CB24F9740100E4F7BB /* LaunchScreen.storyboard */; };
		105E93B724F975D30074F91F /* UIColor+Additions.swift in Sources */ = {isa = PBXBuildFile; fileRef = 105E93B624F975D30074F91F /* UIColor+Additions.swift */; };
		105E93B924F975DA0074F91F /* UIFont+Additions.swift in Sources */ = {isa = PBXBuildFile; fileRef = 105E93B824F975DA0074F91F /* UIFont+Additions.swift */; };
/* End PBXBuildFile section */

/* Begin PBXFileReference section */
		102017BD24F973FF00E4F7BB /* iOS_Lucky.app */ = {isa = PBXFileReference; explicitFileType = wrapper.application; includeInIndex = 0; path = iOS_Lucky.app; sourceTree = BUILT_PRODUCTS_DIR; };
		102017C024F973FF00E4F7BB /* AppDelegate.swift */ = {isa = PBXFileReference; lastKnownFileType = sourcecode.swift; path = AppDelegate.swift; sourceTree = "<group>"; };
		102017C224F973FF00E4F7BB /* SceneDelegate.swift */ = {isa = PBXFileReference; lastKnownFileType = sourcecode.swift; path = SceneDelegate.swift; sourceTree = "<group>"; };
		102017C424F973FF00E4F7BB /* ViewController.swift */ = {isa = PBXFileReference; lastKnownFileType = sourcecode.swift; path = ViewController.swift; sourceTree = "<group>"; };
		102017C924F9740100E4F7BB /* Assets.xcassets */ = {isa = PBXFileReference; lastKnownFileType = folder.assetcatalog; path = Assets.xcassets; sourceTree = "<group>"; };
		102017CC24F9740100E4F7BB /* Base */ = {isa = PBXFileReference; lastKnownFileType = file.storyboard; name = Base; path = Base.lproj/LaunchScreen.storyboard; sourceTree = "<group>"; };
		102017CE24F9740100E4F7BB /* Info.plist */ = {isa = PBXFileReference; lastKnownFileType = text.plist.xml; path = Info.plist; sourceTree = "<group>"; };
		105E93B624F975D30074F91F /* UIColor+Additions.swift */ = {isa = PBXFileReference; fileEncoding = 4; lastKnownFileType = sourcecode.swift; path = "UIColor+Additions.swift"; sourceTree = "<group>"; };
		105E93B824F975DA0074F91F /* UIFont+Additions.swift */ = {isa = PBXFileReference; fileEncoding = 4; lastKnownFileType = sourcecode.swift; path = "UIFont+Additions.swift"; sourceTree = "<group>"; };
		10C3A48928B9DE142AD7EC76 /* Pods_iOS_Lucky.framework */ = {isa = PBXFileReference; explicitFileType = wrapper.framework; includeInIndex = 0; path = Pods_iOS_Lucky.framework; sourceTree = BUILT_PRODUCTS_DIR; };
		C5EA5755DDD844FA4B77F59D /* Pods-iOS_Lucky.release.xcconfig */ = {isa = PBXFileReference; includeInIndex = 1; lastKnownFileType = text.xcconfig; name = "Pods-iOS_Lucky.release.xcconfig"; path = "Target Support Files/Pods-iOS_Lucky/Pods-iOS_Lucky.release.xcconfig"; sourceTree = "<group>"; };
		E56D38C983AFA91CC1AEA9EB /* Pods-iOS_Lucky.debug.xcconfig */ = {isa = PBXFileReference; includeInIndex = 1; lastKnownFileType = text.xcconfig; name = "Pods-iOS_Lucky.debug.xcconfig"; path = "Target Support Files/Pods-iOS_Lucky/Pods-iOS_Lucky.debug.xcconfig"; sourceTree = "<group>"; };
/* End PBXFileReference section */

/* Begin PBXFrameworksBuildPhase section */
		102017BA24F973FF00E4F7BB /* Frameworks */ = {
			isa = PBXFrameworksBuildPhase;
			buildActionMask = 2147483647;
			files = (
				0AD07E73C3251E435A6F5308 /* Pods_iOS_Lucky.framework in Frameworks */,
			);
			runOnlyForDeploymentPostprocessing = 0;
		};
/* End PBXFrameworksBuildPhase section */

/* Begin PBXGroup section */
		102017B424F973FF00E4F7BB = {
			isa = PBXGroup;
			children = (
				102017BF24F973FF00E4F7BB /* iOS_Lucky */,
				102017BE24F973FF00E4F7BB /* Products */,
				55CF5E83F8BE91891A7C9389 /* Pods */,
				580BAB6BF10F599A0A8D00DE /* Frameworks */,
			);
			sourceTree = "<group>";
		};
		102017BE24F973FF00E4F7BB /* Products */ = {
			isa = PBXGroup;
			children = (
				102017BD24F973FF00E4F7BB /* iOS_Lucky.app */,
			);
			name = Products;
			sourceTree = "<group>";
		};
		102017BF24F973FF00E4F7BB /* iOS_Lucky */ = {
			isa = PBXGroup;
			children = (
				102017D724F9743600E4F7BB /* Utilities */,
				102017D624F9742900E4F7BB /* Controllers */,
				102017D524F9742200E4F7BB /* Views */,
				102017D424F9741400E4F7BB /* Supporting Files */,
				102017C024F973FF00E4F7BB /* AppDelegate.swift */,
				102017C224F973FF00E4F7BB /* SceneDelegate.swift */,
				102017C424F973FF00E4F7BB /* ViewController.swift */,
				102017C924F9740100E4F7BB /* Assets.xcassets */,
				102017CB24F9740100E4F7BB /* LaunchScreen.storyboard */,
			);
			path = iOS_Lucky;
			sourceTree = "<group>";
		};
		102017D424F9741400E4F7BB /* Supporting Files */ = {
			isa = PBXGroup;
			children = (
				102017CE24F9740100E4F7BB /* Info.plist */,
			);
			path = "Supporting Files";
			sourceTree = "<group>";
		};
		102017D524F9742200E4F7BB /* Views */ = {
			isa = PBXGroup;
			children = (
			);
			path = Views;
			sourceTree = "<group>";
		};
		102017D624F9742900E4F7BB /* Controllers */ = {
			isa = PBXGroup;
			children = (
			);
			path = Controllers;
			sourceTree = "<group>";
		};
		102017D724F9743600E4F7BB /* Utilities */ = {
			isa = PBXGroup;
			children = (
				105E93B524F975C00074F91F /* Colors */,
				105E93B424F975BA0074F91F /* Fonts */,
			);
			path = Utilities;
			sourceTree = "<group>";
		};
		105E93B424F975BA0074F91F /* Fonts */ = {
			isa = PBXGroup;
			children = (
				105E93B824F975DA0074F91F /* UIFont+Additions.swift */,
			);
			path = Fonts;
			sourceTree = "<group>";
		};
		105E93B524F975C00074F91F /* Colors */ = {
			isa = PBXGroup;
			children = (
				105E93B624F975D30074F91F /* UIColor+Additions.swift */,
			);
			path = Colors;
			sourceTree = "<group>";
		};
		55CF5E83F8BE91891A7C9389 /* Pods */ = {
			isa = PBXGroup;
			children = (
				E56D38C983AFA91CC1AEA9EB /* Pods-iOS_Lucky.debug.xcconfig */,
				C5EA5755DDD844FA4B77F59D /* Pods-iOS_Lucky.release.xcconfig */,
			);
			path = Pods;
			sourceTree = "<group>";
		};
		580BAB6BF10F599A0A8D00DE /* Frameworks */ = {
			isa = PBXGroup;
			children = (
				10C3A48928B9DE142AD7EC76 /* Pods_iOS_Lucky.framework */,
			);
			name = Frameworks;
			sourceTree = "<group>";
		};
/* End PBXGroup section */

/* Begin PBXNativeTarget section */
		102017BC24F973FF00E4F7BB /* iOS_Lucky */ = {
			isa = PBXNativeTarget;
			buildConfigurationList = 102017D124F9740100E4F7BB /* Build configuration list for PBXNativeTarget "iOS_Lucky" */;
			buildPhases = (
				9428FB4B711AB72AF0C16CDB /* [CP] Check Pods Manifest.lock */,
				102017B924F973FF00E4F7BB /* Sources */,
				102017BA24F973FF00E4F7BB /* Frameworks */,
				102017BB24F973FF00E4F7BB /* Resources */,
			);
			buildRules = (
			);
			dependencies = (
			);
			name = iOS_Lucky;
			productName = iOS_Lucky;
			productReference = 102017BD24F973FF00E4F7BB /* iOS_Lucky.app */;
			productType = "com.apple.product-type.application";
		};
/* End PBXNativeTarget section */

/* Begin PBXProject section */
		102017B524F973FF00E4F7BB /* Project object */ = {
			isa = PBXProject;
			attributes = {
				LastSwiftUpdateCheck = 1160;
				LastUpgradeCheck = 1160;
				ORGANIZATIONNAME = "Sergio López";
				TargetAttributes = {
					102017BC24F973FF00E4F7BB = {
						CreatedOnToolsVersion = 11.6;
					};
				};
			};
			buildConfigurationList = 102017B824F973FF00E4F7BB /* Build configuration list for PBXProject "iOS_Lucky" */;
			compatibilityVersion = "Xcode 9.3";
			developmentRegion = en;
			hasScannedForEncodings = 0;
			knownRegions = (
				en,
				Base,
			);
			mainGroup = 102017B424F973FF00E4F7BB;
			productRefGroup = 102017BE24F973FF00E4F7BB /* Products */;
			projectDirPath = "";
			projectRoot = "";
			targets = (
				102017BC24F973FF00E4F7BB /* iOS_Lucky */,
			);
		};
/* End PBXProject section */

/* Begin PBXResourcesBuildPhase section */
		102017BB24F973FF00E4F7BB /* Resources */ = {
			isa = PBXResourcesBuildPhase;
			buildActionMask = 2147483647;
			files = (
				102017CD24F9740100E4F7BB /* LaunchScreen.storyboard in Resources */,
				102017CA24F9740100E4F7BB /* Assets.xcassets in Resources */,
			);
			runOnlyForDeploymentPostprocessing = 0;
		};
/* End PBXResourcesBuildPhase section */

/* Begin PBXShellScriptBuildPhase section */
		9428FB4B711AB72AF0C16CDB /* [CP] Check Pods Manifest.lock */ = {
			isa = PBXShellScriptBuildPhase;
			buildActionMask = 2147483647;
			files = (
			);
			inputFileListPaths = (
			);
			inputPaths = (
				"${PODS_PODFILE_DIR_PATH}/Podfile.lock",
				"${PODS_ROOT}/Manifest.lock",
			);
			name = "[CP] Check Pods Manifest.lock";
			outputFileListPaths = (
			);
			outputPaths = (
				"$(DERIVED_FILE_DIR)/Pods-iOS_Lucky-checkManifestLockResult.txt",
			);
			runOnlyForDeploymentPostprocessing = 0;
			shellPath = /bin/sh;
			shellScript = "diff \"${PODS_PODFILE_DIR_PATH}/Podfile.lock\" \"${PODS_ROOT}/Manifest.lock\" > /dev/null\nif [ $? != 0 ] ; then\n    # print error to STDERR\n    echo \"error: The sandbox is not in sync with the Podfile.lock. Run 'pod install' or update your CocoaPods installation.\" >&2\n    exit 1\nfi\n# This output is used by Xcode 'outputs' to avoid re-running this script phase.\necho \"SUCCESS\" > \"${SCRIPT_OUTPUT_FILE_0}\"\n";
			showEnvVarsInLog = 0;
		};
/* End PBXShellScriptBuildPhase section */

/* Begin PBXSourcesBuildPhase section */
		102017B924F973FF00E4F7BB /* Sources */ = {
			isa = PBXSourcesBuildPhase;
			buildActionMask = 2147483647;
			files = (
				102017C524F973FF00E4F7BB /* ViewController.swift in Sources */,
				105E93B924F975DA0074F91F /* UIFont+Additions.swift in Sources */,
				105E93B724F975D30074F91F /* UIColor+Additions.swift in Sources */,
				102017C124F973FF00E4F7BB /* AppDelegate.swift in Sources */,
				102017C324F973FF00E4F7BB /* SceneDelegate.swift in Sources */,
			);
			runOnlyForDeploymentPostprocessing = 0;
		};
/* End PBXSourcesBuildPhase section */

/* Begin PBXVariantGroup section */
		102017CB24F9740100E4F7BB /* LaunchScreen.storyboard */ = {
			isa = PBXVariantGroup;
			children = (
				102017CC24F9740100E4F7BB /* Base */,
			);
			name = LaunchScreen.storyboard;
			sourceTree = "<group>";
		};
/* End PBXVariantGroup section */

/* Begin XCBuildConfiguration section */
		102017CF24F9740100E4F7BB /* Debug */ = {
			isa = XCBuildConfiguration;
			buildSettings = {
				ALWAYS_SEARCH_USER_PATHS = NO;
				CLANG_ANALYZER_NONNULL = YES;
				CLANG_ANALYZER_NUMBER_OBJECT_CONVERSION = YES_AGGRESSIVE;
				CLANG_CXX_LANGUAGE_STANDARD = "gnu++14";
				CLANG_CXX_LIBRARY = "libc++";
				CLANG_ENABLE_MODULES = YES;
				CLANG_ENABLE_OBJC_ARC = YES;
				CLANG_ENABLE_OBJC_WEAK = YES;
				CLANG_WARN_BLOCK_CAPTURE_AUTORELEASING = YES;
				CLANG_WARN_BOOL_CONVERSION = YES;
				CLANG_WARN_COMMA = YES;
				CLANG_WARN_CONSTANT_CONVERSION = YES;
				CLANG_WARN_DEPRECATED_OBJC_IMPLEMENTATIONS = YES;
				CLANG_WARN_DIRECT_OBJC_ISA_USAGE = YES_ERROR;
				CLANG_WARN_DOCUMENTATION_COMMENTS = YES;
				CLANG_WARN_EMPTY_BODY = YES;
				CLANG_WARN_ENUM_CONVERSION = YES;
				CLANG_WARN_INFINITE_RECURSION = YES;
				CLANG_WARN_INT_CONVERSION = YES;
				CLANG_WARN_NON_LITERAL_NULL_CONVERSION = YES;
				CLANG_WARN_OBJC_IMPLICIT_RETAIN_SELF = YES;
				CLANG_WARN_OBJC_LITERAL_CONVERSION = YES;
				CLANG_WARN_OBJC_ROOT_CLASS = YES_ERROR;
				CLANG_WARN_RANGE_LOOP_ANALYSIS = YES;
				CLANG_WARN_STRICT_PROTOTYPES = YES;
				CLANG_WARN_SUSPICIOUS_MOVE = YES;
				CLANG_WARN_UNGUARDED_AVAILABILITY = YES_AGGRESSIVE;
				CLANG_WARN_UNREACHABLE_CODE = YES;
				CLANG_WARN__DUPLICATE_METHOD_MATCH = YES;
				COPY_PHASE_STRIP = NO;
				DEBUG_INFORMATION_FORMAT = dwarf;
				ENABLE_STRICT_OBJC_MSGSEND = YES;
				ENABLE_TESTABILITY = YES;
				GCC_C_LANGUAGE_STANDARD = gnu11;
				GCC_DYNAMIC_NO_PIC = NO;
				GCC_NO_COMMON_BLOCKS = YES;
				GCC_OPTIMIZATION_LEVEL = 0;
				GCC_PREPROCESSOR_DEFINITIONS = (
					"DEBUG=1",
					"$(inherited)",
				);
				GCC_WARN_64_TO_32_BIT_CONVERSION = YES;
				GCC_WARN_ABOUT_RETURN_TYPE = YES_ERROR;
				GCC_WARN_UNDECLARED_SELECTOR = YES;
				GCC_WARN_UNINITIALIZED_AUTOS = YES_AGGRESSIVE;
				GCC_WARN_UNUSED_FUNCTION = YES;
				GCC_WARN_UNUSED_VARIABLE = YES;
				IPHONEOS_DEPLOYMENT_TARGET = 13.6;
				MTL_ENABLE_DEBUG_INFO = INCLUDE_SOURCE;
				MTL_FAST_MATH = YES;
				ONLY_ACTIVE_ARCH = YES;
				SDKROOT = iphoneos;
				SWIFT_ACTIVE_COMPILATION_CONDITIONS = DEBUG;
				SWIFT_OPTIMIZATION_LEVEL = "-Onone";
			};
			name = Debug;
		};
		102017D024F9740100E4F7BB /* Release */ = {
			isa = XCBuildConfiguration;
			buildSettings = {
				ALWAYS_SEARCH_USER_PATHS = NO;
				CLANG_ANALYZER_NONNULL = YES;
				CLANG_ANALYZER_NUMBER_OBJECT_CONVERSION = YES_AGGRESSIVE;
				CLANG_CXX_LANGUAGE_STANDARD = "gnu++14";
				CLANG_CXX_LIBRARY = "libc++";
				CLANG_ENABLE_MODULES = YES;
				CLANG_ENABLE_OBJC_ARC = YES;
				CLANG_ENABLE_OBJC_WEAK = YES;
				CLANG_WARN_BLOCK_CAPTURE_AUTORELEASING = YES;
				CLANG_WARN_BOOL_CONVERSION = YES;
				CLANG_WARN_COMMA = YES;
				CLANG_WARN_CONSTANT_CONVERSION = YES;
				CLANG_WARN_DEPRECATED_OBJC_IMPLEMENTATIONS = YES;
				CLANG_WARN_DIRECT_OBJC_ISA_USAGE = YES_ERROR;
				CLANG_WARN_DOCUMENTATION_COMMENTS = YES;
				CLANG_WARN_EMPTY_BODY = YES;
				CLANG_WARN_ENUM_CONVERSION = YES;
				CLANG_WARN_INFINITE_RECURSION = YES;
				CLANG_WARN_INT_CONVERSION = YES;
				CLANG_WARN_NON_LITERAL_NULL_CONVERSION = YES;
				CLANG_WARN_OBJC_IMPLICIT_RETAIN_SELF = YES;
				CLANG_WARN_OBJC_LITERAL_CONVERSION = YES;
				CLANG_WARN_OBJC_ROOT_CLASS = YES_ERROR;
				CLANG_WARN_RANGE_LOOP_ANALYSIS = YES;
				CLANG_WARN_STRICT_PROTOTYPES = YES;
				CLANG_WARN_SUSPICIOUS_MOVE = YES;
				CLANG_WARN_UNGUARDED_AVAILABILITY = YES_AGGRESSIVE;
				CLANG_WARN_UNREACHABLE_CODE = YES;
				CLANG_WARN__DUPLICATE_METHOD_MATCH = YES;
				COPY_PHASE_STRIP = NO;
				DEBUG_INFORMATION_FORMAT = "dwarf-with-dsym";
				ENABLE_NS_ASSERTIONS = NO;
				ENABLE_STRICT_OBJC_MSGSEND = YES;
				GCC_C_LANGUAGE_STANDARD = gnu11;
				GCC_NO_COMMON_BLOCKS = YES;
				GCC_WARN_64_TO_32_BIT_CONVERSION = YES;
				GCC_WARN_ABOUT_RETURN_TYPE = YES_ERROR;
				GCC_WARN_UNDECLARED_SELECTOR = YES;
				GCC_WARN_UNINITIALIZED_AUTOS = YES_AGGRESSIVE;
				GCC_WARN_UNUSED_FUNCTION = YES;
				GCC_WARN_UNUSED_VARIABLE = YES;
				IPHONEOS_DEPLOYMENT_TARGET = 13.6;
				MTL_ENABLE_DEBUG_INFO = NO;
				MTL_FAST_MATH = YES;
				SDKROOT = iphoneos;
				SWIFT_COMPILATION_MODE = wholemodule;
				SWIFT_OPTIMIZATION_LEVEL = "-O";
				VALIDATE_PRODUCT = YES;
			};
			name = Release;
		};
		102017D224F9740100E4F7BB /* Debug */ = {
			isa = XCBuildConfiguration;
			baseConfigurationReference = E56D38C983AFA91CC1AEA9EB /* Pods-iOS_Lucky.debug.xcconfig */;
			buildSettings = {
				ASSETCATALOG_COMPILER_APPICON_NAME = AppIcon;
				CODE_SIGN_STYLE = Automatic;
				INFOPLIST_FILE = "iOS_Lucky/Supporting Files/Info.plist";
				LD_RUNPATH_SEARCH_PATHS = (
					"$(inherited)",
					"@executable_path/Frameworks",
				);
				PRODUCT_BUNDLE_IDENTIFIER = "com.sergiolopez.iOS-Lucky";
				PRODUCT_NAME = "$(TARGET_NAME)";
				SWIFT_VERSION = 5.0;
				TARGETED_DEVICE_FAMILY = "1,2";
			};
			name = Debug;
		};
		102017D324F9740100E4F7BB /* Release */ = {
			isa = XCBuildConfiguration;
			baseConfigurationReference = C5EA5755DDD844FA4B77F59D /* Pods-iOS_Lucky.release.xcconfig */;
			buildSettings = {
				ASSETCATALOG_COMPILER_APPICON_NAME = AppIcon;
				CODE_SIGN_STYLE = Automatic;
				INFOPLIST_FILE = "iOS_Lucky/Supporting Files/Info.plist";
				LD_RUNPATH_SEARCH_PATHS = (
					"$(inherited)",
					"@executable_path/Frameworks",
				);
				PRODUCT_BUNDLE_IDENTIFIER = "com.sergiolopez.iOS-Lucky";
				PRODUCT_NAME = "$(TARGET_NAME)";
				SWIFT_VERSION = 5.0;
				TARGETED_DEVICE_FAMILY = "1,2";
			};
			name = Release;
		};
/* End XCBuildConfiguration section */

/* Begin XCConfigurationList section */
		102017B824F973FF00E4F7BB /* Build configuration list for PBXProject "iOS_Lucky" */ = {
			isa = XCConfigurationList;
			buildConfigurations = (
				102017CF24F9740100E4F7BB /* Debug */,
				102017D024F9740100E4F7BB /* Release */,
			);
			defaultConfigurationIsVisible = 0;
			defaultConfigurationName = Release;
		};
		102017D124F9740100E4F7BB /* Build configuration list for PBXNativeTarget "iOS_Lucky" */ = {
			isa = XCConfigurationList;
			buildConfigurations = (
				102017D224F9740100E4F7BB /* Debug */,
				102017D324F9740100E4F7BB /* Release */,
			);
			defaultConfigurationIsVisible = 0;
			defaultConfigurationName = Release;
		};
/* End XCConfigurationList section */
	};
	rootObject = 102017B524F973FF00E4F7BB /* Project object */;
}
